
Microsoft Visual Studio Solution File, Format Version 12.00
# Visual Studio Version 17
VisualStudioVersion = 17.8.34322.80
MinimumVisualStudioVersion = 10.0.40219.1
Project("{9A19103F-16F7-4668-BE54-9A1E7A4F7556}") = "ScanningApplication", "ScanningApplication\ScanningApplication.csproj", "{5575815A-C92E-41EB-86D8-09337A37D80C}"
EndProject
Project("{9A19103F-16F7-4668-BE54-9A1E7A4F7556}") = "ScanApp.Common", "ScanApp.Common\ScanApp.Common.csproj", "{F9A47B1A-8422-4FF3-B858-9A54A3307140}"
EndProject
Project("{FAE04EC0-301F-11D3-BF4B-00C04F79EFBC}") = "ScanApp.SendTo", "ScanApp.SendTo\ScanApp.SendTo.csproj", "{7270EF36-2552-4AE4-8375-E73561C63858}"
EndProject
Global
	GlobalSection(SolutionConfigurationPlatforms) = preSolution
		Debug|Any CPU = Debug|Any CPU
		Release|Any CPU = Release|Any CPU
	EndGlobalSection
	GlobalSection(ProjectConfigurationPlatforms) = postSolution
		{5575815A-C92E-41EB-86D8-09337A37D80C}.Debug|Any CPU.ActiveCfg = Debug|Any CPU
		{5575815A-C92E-41EB-86D8-09337A37D80C}.Debug|Any CPU.Build.0 = Debug|Any CPU
		{5575815A-C92E-41EB-86D8-09337A37D80C}.Release|Any CPU.ActiveCfg = Release|Any CPU
		{5575815A-C92E-41EB-86D8-09337A37D80C}.Release|Any CPU.Build.0 = Release|Any CPU
		{F9A47B1A-8422-4FF3-B858-9A54A3307140}.Debug|Any CPU.ActiveCfg = Debug|Any CPU
		{F9A47B1A-8422-4FF3-B858-9A54A3307140}.Debug|Any CPU.Build.0 = Debug|Any CPU
		{F9A47B1A-8422-4FF3-B858-9A54A3307140}.Release|Any CPU.ActiveCfg = Release|Any CPU
		{F9A47B1A-8422-4FF3-B858-9A54A3307140}.Release|Any CPU.Build.0 = Release|Any CPU
		{7270EF36-2552-4AE4-8375-E73561C63858}.Debug|Any CPU.ActiveCfg = Debug|Any CPU
		{7270EF36-2552-4AE4-8375-E73561C63858}.Debug|Any CPU.Build.0 = Debug|Any CPU
		{7270EF36-2552-4AE4-8375-E73561C63858}.Release|Any CPU.ActiveCfg = Release|Any CPU
		{7270EF36-2552-4AE4-8375-E73561C63858}.Release|Any CPU.Build.0 = Release|Any CPU
	EndGlobalSection
	GlobalSection(SolutionProperties) = preSolution
		HideSolutionNode = FALSE
	EndGlobalSection
	GlobalSection(ExtensibilityGlobals) = postSolution
		SolutionGuid = {0EB9D7A3-6978-4F9D-9520-A32B0F2324C4}
	EndGlobalSection
EndGlobal
